// !$*UTF8*$!
{
	archiveVersion = 1;
	classes = {
	};
	objectVersion = 56;
	objects = {

/* Begin PBXBuildFile section */
		AA0000000000000000000001 /* FreeFireFileManagerApp.swift in Sources */ = {isa = PBXBuildFile; fileRef = AA0000000000000000000011 /* FreeFireFileManagerApp.swift */; };
		AA0000000000000000000002 /* ContentView.swift in Sources */ = {isa = PBXBuildFile; fileRef = AA0000000000000000000012 /* ContentView.swift */; };
/* End PBXBuildFile section */

/* Begin PBXFileReference section */
		AA0000000000000000000010 /* FreeFireFileManager.app */ = {isa = PBXFileReference; explicitFileType = wrapper.application; includeInIndex = 0; path = FreeFireFileManager.app; sourceTree = BUILT_PRODUCTS_DIR; };
		AA0000000000000000000011 /* FreeFireFileManagerApp.swift */ = {isa = PBXFileReference; lastKnownFileType = sourcecode.swift; path = FreeFireFileManagerApp.swift; sourceTree = "<group>"; };
		AA0000000000000000000012 /* ContentView.swift */ = {isa = PBXFileReference; lastKnownFileType = sourcecode.swift; path = ContentView.swift; sourceTree = "<group>"; };
/* End PBXFileReference section */

/* Begin PBXFrameworksBuildPhase section */
		AA0000000000000000000021 /* Frameworks */ = {
			isa = PBXFrameworksBuildPhase;
			buildActionMask = 2147483647;
			files = (
			);
			runOnlyForDeploymentPostprocessing = 0;
		};
/* End PBXFrameworksBuildPhase section */

/* Begin PBXGroup section */
		AA0000000000000000000030 = {
			isa = PBXGroup;
			children = (
				AA0000000000000000000031 /* FreeFireFileManager */,
				AA0000000000000000000032 /* Products */,
			);
			sourceTree = "<group>";
		};
		AA0000000000000000000031 /* FreeFireFileManager */ = {
			isa = PBXGroup;
			children = (
				AA0000000000000000000011 /* FreeFireFileManagerApp.swift */,
				AA0000000000000000000012 /* ContentView.swift */,
			);
			path = FreeFireFileManager;
			sourceTree = "<group>";
		};
		AA0000000000000000000032 /* Products */ = {
			isa = PBXGroup;
			children = (
				AA0000000000000000000010 /* FreeFireFileManager.app */,
			);
			name = Products;
			sourceTree = "<group>";
		};
/* End PBXGroup section */

/* Begin PBXNativeTarget section */
		AA0000000000000000000040 /* FreeFireFileManager */ = {
			isa = PBXNativeTarget;
			buildConfigurationList = AA0000000000000000000060 /* Build configuration list for PBXNativeTarget "FreeFireFileManager" */;
			buildPhases = (
				AA0000000000000000000021 /* Frameworks */,
				AA0000000000000000000022 /* Sources */,
				AA0000000000000000000023 /* Resources */,
			);
			buildRules = (
			);
			dependencies = (
			);
			name = FreeFireFileManager;
			productName = FreeFireFileManager;
			productReference = AA0000000000000000000010 /* FreeFireFileManager.app */;
			productType = "com.apple.product-type.application";
		};
/* End PBXNativeTarget section */

/* Begin PBXProject section */
		AA0000000000000000000050 /* Project object */ = {
			isa = PBXProject;
			attributes = {
				LastUpgradeCheck = 1600;
				TargetAttributes = {
					AA0000000000000000000040 = {
						CreatedOnToolsVersion = 16.0;
					};
				};
			};
			buildConfigurationList = AA0000000000000000000061 /* Build configuration list for PBXProject "FreeFireFileManager" */;
			compatibilityVersion = "Xcode 14.0";
			developmentRegion = en;
			hasScannedForEncodings = 0;
			knownRegions = (
				en,
				Base,
			);
			mainGroup = AA0000000000000000000030;
			productRefGroup = AA0000000000000000000032 /* Products */;
			projectDirPath = "";
			projectRoot = "";
			targets = (
				AA0000000000000000000040 /* FreeFireFileManager */,
			);
		};
/* End PBXProject section */

/* Begin PBXResourcesBuildPhase section */
		AA0000000000000000000023 /* Resources */ = {
			isa = PBXResourcesBuildPhase;
			buildActionMask = 2147483647;
			files = (
			);
			runOnlyForDeploymentPostprocessing = 0;
		};
/* End PBXResourcesBuildPhase section */

/* Begin PBXSourcesBuildPhase section */
		AA0000000000000000000022 /* Sources */ = {
			isa = PBXSourcesBuildPhase;
			buildActionMask = 2147483647;
			files = (
				AA0000000000000000000001 /* FreeFireFileManagerApp.swift in Sources */,
				AA0000000000000000000002 /* ContentView.swift in Sources */,
			);
			runOnlyForDeploymentPostprocessing = 0;
		};
/* End PBXSourcesBuildPhase section */

/* Begin XCBuildConfiguration section */
		AA0000000000000000000070 /* Debug */ = {
			isa = XCBuildConfiguration;
			buildSettings = {
				ALWAYS_SEARCH_USER_PATHS = NO;
				CLANG_ENABLE_MODULES = YES;
				CLANG_ENABLE_OBJC_ARC = YES;
				CODE_SIGNING_ALLOWED = NO;
				IPHONEOS_DEPLOYMENT_TARGET = 16.0;
				PRODUCT_BUNDLE_IDENTIFIER = "com.kai863034.FreeFireFileManager";
				PRODUCT_NAME = "$(TARGET_NAME)";
				SWIFT_VERSION = 5.0;
				TARGETED_DEVICE_FAMILY = "1,2";
			};
			name = Debug;
		};
		AA0000000000000000000071 /* Release */ = {
			isa = XCBuildConfiguration;
			buildSettings = {
				ALWAYS_SEARCH_USER_PATHS = NO;
				CLANG_ENABLE_MODULES = YES;
				CLANG_ENABLE_OBJC_ARC = YES;
				CODE_SIGNING_ALLOWED = NO;
				IPHONEOS_DEPLOYMENT_TARGET = 16.0;
				PRODUCT_BUNDLE_IDENTIFIER = "com.kai863034.FreeFireFileManager";
				PRODUCT_NAME = "$(TARGET_NAME)";
				SWIFT_OPTIMIZATION_LEVEL = "-O";
				SWIFT_VERSION = 5.0;
				TARGETED_DEVICE_FAMILY = "1,2";
			};
			name = Release;
		};
		AA0000000000000000000072 /* Debug */ = {
			isa = XCBuildConfiguration;
			buildSettings = {
				ALWAYS_SEARCH_USER_PATHS = NO;
				CLANG_ENABLE_MODULES = YES;
				CLANG_ENABLE_OBJC_ARC = YES;
				CODE_SIGNING_ALLOWED = NO;
				IPHONEOS_DEPLOYMENT_TARGET = 16.0;
				SDKROOT = iphoneos;
				SWIFT_VERSION = 5.0;
			};
			name = Debug;
		};
		AA0000000000000000000073 /* Release */ = {
			isa = XCBuildConfiguration;
			buildSettings = {
				ALWAYS_SEARCH_USER_PATHS = NO;
				CLANG_ENABLE_MODULES = YES;
				CLANG_ENABLE_OBJC_ARC = YES;
				CODE_SIGNING_ALLOWED = NO;
				IPHONEOS_DEPLOYMENT_TARGET = 16.0;
				SDKROOT = iphoneos;
				SWIFT_VERSION = 5.0;
			};
			name = Release;
		};
/* End XCBuildConfiguration section */

/* Begin XCConfigurationList section */
		AA0000000000000000000060 /* Build configuration list for PBXNativeTarget "FreeFireFileManager" */ = {
			isa = XCConfigurationList;
			buildConfigurations = (
				AA0000000000000000000070 /* Debug */,
				AA0000000000000000000071 /* Release */,
			);
			defaultConfigurationIsVisible = 0;
			defaultConfigurationName = Release;
		};
		AA0000000000000000000061 /* Build configuration list for PBXProject "FreeFireFileManager" */ = {
			isa = XCConfigurationList;
			buildConfigurations = (
				AA0000000000000000000072 /* Debug */,
				AA0000000000000000000073 /* Release */,
			);
			defaultConfigurationIsVisible = 0;
			defaultConfigurationName = Release;
		};
/* End XCConfigurationList section */
	};
	rootObject = AA0000000000000000000050 /* Project object */;
}
